// !$*UTF8*$!
{
	archiveVersion = 1;
	classes = {
	};
	objectVersion = 56;
	objects = {

/* Begin PBXBuildFile section */
		A00000000000000000000001 /* LogicProCheatSheetsApp.swift in Sources */ = {isa = PBXBuildFile; fileRef = B00000000000000000000001 /* LogicProCheatSheetsApp.swift */; };
		A00000000000000000000002 /* ContentView.swift in Sources */ = {isa = PBXBuildFile; fileRef = B00000000000000000000002 /* ContentView.swift */; };
		A00000000000000000000003 /* ContentModels.swift in Sources */ = {isa = PBXBuildFile; fileRef = B00000000000000000000003 /* ContentModels.swift */; };
		A00000000000000000000004 /* ContentConfiguration.swift in Sources */ = {isa = PBXBuildFile; fileRef = B00000000000000000000004 /* ContentConfiguration.swift */; };
		A00000000000000000000005 /* ContentFileStore.swift in Sources */ = {isa = PBXBuildFile; fileRef = B00000000000000000000005 /* ContentFileStore.swift */; };
		A00000000000000000000006 /* BundledContentProvider.swift in Sources */ = {isa = PBXBuildFile; fileRef = B00000000000000000000006 /* BundledContentProvider.swift */; };
		A00000000000000000000007 /* ContentError.swift in Sources */ = {isa = PBXBuildFile; fileRef = B00000000000000000000007 /* ContentError.swift */; };
		A00000000000000000000008 /* HashVerifier.swift in Sources */ = {isa = PBXBuildFile; fileRef = B00000000000000000000008 /* HashVerifier.swift */; };
		A00000000000000000000009 /* ContentSyncService.swift in Sources */ = {isa = PBXBuildFile; fileRef = B00000000000000000000009 /* ContentSyncService.swift */; };
		A0000000000000000000000A /* ContentRepository.swift in Sources */ = {isa = PBXBuildFile; fileRef = B0000000000000000000000A /* ContentRepository.swift */; };
		A0000000000000000000000B /* SheetListView.swift in Sources */ = {isa = PBXBuildFile; fileRef = B0000000000000000000000B /* SheetListView.swift */; };
		A0000000000000000000000C /* SheetDetailView.swift in Sources */ = {isa = PBXBuildFile; fileRef = B0000000000000000000000C /* SheetDetailView.swift */; };
		A0000000000000000000000D /* SectionView.swift in Sources */ = {isa = PBXBuildFile; fileRef = B0000000000000000000000D /* SectionView.swift */; };
		A0000000000000000000000E /* SeedContent.json in Resources */ = {isa = PBXBuildFile; fileRef = B0000000000000000000000E /* SeedContent.json */; };
/* End PBXBuildFile section */

/* Begin PBXFileReference section */
		B00000000000000000000001 /* LogicProCheatSheetsApp.swift */ = {isa = PBXFileReference; lastKnownFileType = sourcecode.swift; path = LogicProCheatSheetsApp.swift; sourceTree = "<group>"; };
		B00000000000000000000002 /* ContentView.swift */ = {isa = PBXFileReference; lastKnownFileType = sourcecode.swift; path = ContentView.swift; sourceTree = "<group>"; };
		B00000000000000000000003 /* ContentModels.swift */ = {isa = PBXFileReference; lastKnownFileType = sourcecode.swift; path = ContentModels.swift; sourceTree = "<group>"; };
		B00000000000000000000004 /* ContentConfiguration.swift */ = {isa = PBXFileReference; lastKnownFileType = sourcecode.swift; path = ContentConfiguration.swift; sourceTree = "<group>"; };
		B00000000000000000000005 /* ContentFileStore.swift */ = {isa = PBXFileReference; lastKnownFileType = sourcecode.swift; path = ContentFileStore.swift; sourceTree = "<group>"; };
		B00000000000000000000006 /* BundledContentProvider.swift */ = {isa = PBXFileReference; lastKnownFileType = sourcecode.swift; path = BundledContentProvider.swift; sourceTree = "<group>"; };
		B00000000000000000000007 /* ContentError.swift */ = {isa = PBXFileReference; lastKnownFileType = sourcecode.swift; path = ContentError.swift; sourceTree = "<group>"; };
		B00000000000000000000008 /* HashVerifier.swift */ = {isa = PBXFileReference; lastKnownFileType = sourcecode.swift; path = HashVerifier.swift; sourceTree = "<group>"; };
		B00000000000000000000009 /* ContentSyncService.swift */ = {isa = PBXFileReference; lastKnownFileType = sourcecode.swift; path = ContentSyncService.swift; sourceTree = "<group>"; };
		B0000000000000000000000A /* ContentRepository.swift */ = {isa = PBXFileReference; lastKnownFileType = sourcecode.swift; path = ContentRepository.swift; sourceTree = "<group>"; };
		B0000000000000000000000B /* SheetListView.swift */ = {isa = PBXFileReference; lastKnownFileType = sourcecode.swift; path = SheetListView.swift; sourceTree = "<group>"; };
		B0000000000000000000000C /* SheetDetailView.swift */ = {isa = PBXFileReference; lastKnownFileType = sourcecode.swift; path = SheetDetailView.swift; sourceTree = "<group>"; };
		B0000000000000000000000D /* SectionView.swift */ = {isa = PBXFileReference; lastKnownFileType = sourcecode.swift; path = SectionView.swift; sourceTree = "<group>"; };
		B0000000000000000000000E /* SeedContent.json */ = {isa = PBXFileReference; lastKnownFileType = text.json; path = SeedContent.json; sourceTree = "<group>"; };
		B0000000000000000000000F /* LogicProCheatSheets.app */ = {isa = PBXFileReference; explicitFileType = wrapper.application; includeInIndex = 0; path = LogicProCheatSheets.app; sourceTree = BUILT_PRODUCTS_DIR; };
/* End PBXFileReference section */

/* Begin PBXFrameworksBuildPhase section */
		C00000000000000000000001 /* Frameworks */ = {
			isa = PBXFrameworksBuildPhase;
			buildActionMask = 2147483647;
			files = (
			);
			runOnlyForDeploymentPostprocessing = 0;
		};
/* End PBXFrameworksBuildPhase section */

/* Begin PBXGroup section */
		D00000000000000000000001 = {
			isa = PBXGroup;
			children = (
				D00000000000000000000002 /* LogicProCheatSheets */,
				D00000000000000000000007 /* Products */,
			);
			sourceTree = "<group>";
		};
		D00000000000000000000002 /* LogicProCheatSheets */ = {
			isa = PBXGroup;
			children = (
				B00000000000000000000001 /* LogicProCheatSheetsApp.swift */,
				B00000000000000000000002 /* ContentView.swift */,
				D00000000000000000000003 /* Models */,
				D00000000000000000000004 /* Services */,
				D00000000000000000000005 /* Views */,
				D00000000000000000000006 /* Resources */,
			);
			path = LogicProCheatSheets;
			sourceTree = "<group>";
		};
		D00000000000000000000003 /* Models */ = {
			isa = PBXGroup;
			children = (
				B00000000000000000000003 /* ContentModels.swift */,
			);
			path = Models;
			sourceTree = "<group>";
		};
		D00000000000000000000004 /* Services */ = {
			isa = PBXGroup;
			children = (
				B00000000000000000000004 /* ContentConfiguration.swift */,
				B00000000000000000000005 /* ContentFileStore.swift */,
				B00000000000000000000006 /* BundledContentProvider.swift */,
				B00000000000000000000007 /* ContentError.swift */,
				B00000000000000000000008 /* HashVerifier.swift */,
				B00000000000000000000009 /* ContentSyncService.swift */,
				B0000000000000000000000A /* ContentRepository.swift */,
			);
			path = Services;
			sourceTree = "<group>";
		};
		D00000000000000000000005 /* Views */ = {
			isa = PBXGroup;
			children = (
				B0000000000000000000000B /* SheetListView.swift */,
				B0000000000000000000000C /* SheetDetailView.swift */,
				B0000000000000000000000D /* SectionView.swift */,
			);
			path = Views;
			sourceTree = "<group>";
		};
		D00000000000000000000006 /* Resources */ = {
			isa = PBXGroup;
			children = (
				B0000000000000000000000E /* SeedContent.json */,
			);
			path = Resources;
			sourceTree = "<group>";
		};
		D00000000000000000000007 /* Products */ = {
			isa = PBXGroup;
			children = (
				B0000000000000000000000F /* LogicProCheatSheets.app */,
			);
			name = Products;
			sourceTree = "<group>";
		};
/* End PBXGroup section */

/* Begin PBXNativeTarget section */
		E00000000000000000000001 /* LogicProCheatSheets */ = {
			isa = PBXNativeTarget;
			buildConfigurationList = F00000000000000000000003 /* Build configuration list for PBXNativeTarget "LogicProCheatSheets" */;
			buildPhases = (
				C00000000000000000000002 /* Sources */,
				C00000000000000000000001 /* Frameworks */,
				C00000000000000000000003 /* Resources */,
			);
			buildRules = (
			);
			dependencies = (
			);
			name = LogicProCheatSheets;
			productName = LogicProCheatSheets;
			productReference = B0000000000000000000000F /* LogicProCheatSheets.app */;
			productType = "com.apple.product-type.application";
		};
/* End PBXNativeTarget section */

/* Begin PBXProject section */
		E00000000000000000000002 /* Project object */ = {
			isa = PBXProject;
			attributes = {
				BuildIndependentTargetsInParallel = 1;
				LastSwiftUpdateCheck = 1600;
				LastUpgradeCheck = 1600;
				TargetAttributes = {
					E00000000000000000000001 = {
						CreatedOnToolsVersion = 16.0;
					};
				};
			};
			buildConfigurationList = F00000000000000000000001 /* Build configuration list for PBXProject "LogicProCheatSheets" */;
			compatibilityVersion = "Xcode 14.0";
			developmentRegion = en;
			hasScannedForEncodings = 0;
			knownRegions = (
				en,
				Base,
			);
			mainGroup = D00000000000000000000001;
			productRefGroup = D00000000000000000000007 /* Products */;
			projectDirPath = "";
			projectRoot = "";
			targets = (
				E00000000000000000000001 /* LogicProCheatSheets */,
			);
		};
/* End PBXProject section */

/* Begin PBXResourcesBuildPhase section */
		C00000000000000000000003 /* Resources */ = {
			isa = PBXResourcesBuildPhase;
			buildActionMask = 2147483647;
			files = (
				A0000000000000000000000E /* SeedContent.json in Resources */,
			);
			runOnlyForDeploymentPostprocessing = 0;
		};
/* End PBXResourcesBuildPhase section */

/* Begin PBXSourcesBuildPhase section */
		C00000000000000000000002 /* Sources */ = {
			isa = PBXSourcesBuildPhase;
			buildActionMask = 2147483647;
			files = (
				A00000000000000000000001 /* LogicProCheatSheetsApp.swift in Sources */,
				A00000000000000000000002 /* ContentView.swift in Sources */,
				A00000000000000000000003 /* ContentModels.swift in Sources */,
				A00000000000000000000004 /* ContentConfiguration.swift in Sources */,
				A00000000000000000000005 /* ContentFileStore.swift in Sources */,
				A00000000000000000000006 /* BundledContentProvider.swift in Sources */,
				A00000000000000000000007 /* ContentError.swift in Sources */,
				A00000000000000000000008 /* HashVerifier.swift in Sources */,
				A00000000000000000000009 /* ContentSyncService.swift in Sources */,
				A0000000000000000000000A /* ContentRepository.swift in Sources */,
				A0000000000000000000000B /* SheetListView.swift in Sources */,
				A0000000000000000000000C /* SheetDetailView.swift in Sources */,
				A0000000000000000000000D /* SectionView.swift in Sources */,
			);
			runOnlyForDeploymentPostprocessing = 0;
		};
/* End PBXSourcesBuildPhase section */

/* Begin XCBuildConfiguration section */
		F00000000000000000000004 /* Debug */ = {
			isa = XCBuildConfiguration;
			buildSettings = {
				ASSETCATALOG_COMPILER_GLOBAL_ACCENT_COLOR_NAME = AccentColor;
				CODE_SIGN_STYLE = Automatic;
				CURRENT_PROJECT_VERSION = 1;
				DEVELOPMENT_TEAM = HU4EE3MB4T;
				GENERATE_INFOPLIST_FILE = YES;
				INFOPLIST_KEY_CFBundleDisplayName = "Logic Pro Book";
				INFOPLIST_KEY_ContentBaseURL = "https://logicpro-cheatsheets.vercel.app";
				INFOPLIST_KEY_LSApplicationCategoryType = "public.app-category.music";
				INFOPLIST_KEY_UIApplicationSceneManifest_Generation = YES;
				INFOPLIST_KEY_UIApplicationSupportsIndirectInputEvents = YES;
				INFOPLIST_KEY_UILaunchScreen_Generation = YES;
				INFOPLIST_KEY_UISupportedInterfaceOrientations_iPad = "UIInterfaceOrientationPortrait UIInterfaceOrientationPortraitUpsideDown UIInterfaceOrientationLandscapeLeft UIInterfaceOrientationLandscapeRight";
				INFOPLIST_KEY_UISupportedInterfaceOrientations_iPhone = "UIInterfaceOrientationPortrait UIInterfaceOrientationLandscapeLeft UIInterfaceOrientationLandscapeRight";
				IPHONEOS_DEPLOYMENT_TARGET = 17.0;
				MARKETING_VERSION = 1.0;
				PRODUCT_BUNDLE_IDENTIFIER = com.logicprobook.cheatsheets;
				PRODUCT_NAME = "$(TARGET_NAME)";
				SWIFT_EMIT_LOC_STRINGS = YES;
				SWIFT_VERSION = 5.0;
				TARGETED_DEVICE_FAMILY = "1,2";
			};
			name = Debug;
		};
		F00000000000000000000005 /* Release */ = {
			isa = XCBuildConfiguration;
			buildSettings = {
				ASSETCATALOG_COMPILER_GLOBAL_ACCENT_COLOR_NAME = AccentColor;
				CODE_SIGN_STYLE = Automatic;
				CURRENT_PROJECT_VERSION = 1;
				DEVELOPMENT_TEAM = HU4EE3MB4T;
				GENERATE_INFOPLIST_FILE = YES;
				INFOPLIST_KEY_CFBundleDisplayName = "Logic Pro Book";
				INFOPLIST_KEY_ContentBaseURL = "https://logicpro-cheatsheets.vercel.app";
				INFOPLIST_KEY_LSApplicationCategoryType = "public.app-category.music";
				INFOPLIST_KEY_UIApplicationSceneManifest_Generation = YES;
				INFOPLIST_KEY_UIApplicationSupportsIndirectInputEvents = YES;
				INFOPLIST_KEY_UILaunchScreen_Generation = YES;
				INFOPLIST_KEY_UISupportedInterfaceOrientations_iPad = "UIInterfaceOrientationPortrait UIInterfaceOrientationPortraitUpsideDown UIInterfaceOrientationLandscapeLeft UIInterfaceOrientationLandscapeRight";
				INFOPLIST_KEY_UISupportedInterfaceOrientations_iPhone = "UIInterfaceOrientationPortrait UIInterfaceOrientationLandscapeLeft UIInterfaceOrientationLandscapeRight";
				IPHONEOS_DEPLOYMENT_TARGET = 17.0;
				MARKETING_VERSION = 1.0;
				PRODUCT_BUNDLE_IDENTIFIER = com.logicprobook.cheatsheets;
				PRODUCT_NAME = "$(TARGET_NAME)";
				SWIFT_EMIT_LOC_STRINGS = YES;
				SWIFT_VERSION = 5.0;
				TARGETED_DEVICE_FAMILY = "1,2";
			};
			name = Release;
		};
		F00000000000000000000006 /* Debug */ = {
			isa = XCBuildConfiguration;
			buildSettings = {
				ALWAYS_SEARCH_USER_PATHS = NO;
				CLANG_ANALYZER_NONNULL = YES;
				CLANG_ANALYZER_NUMBER_OBJECT_CONVERSION = YES_AGGRESSIVE;
				CLANG_CXX_LANGUAGE_STANDARD = "gnu++20";
				CLANG_ENABLE_MODULES = YES;
				CLANG_ENABLE_OBJC_ARC = YES;
				CLANG_ENABLE_OBJC_WEAK = YES;
				CLANG_WARN_BLOCK_CAPTURE_AUTORELEASING = YES;
				CLANG_WARN_BOOL_CONVERSION = YES;
				CLANG_WARN_COMMA = YES;
				CLANG_WARN_CONSTANT_CONVERSION = YES;
				CLANG_WARN_DEPRECATED_OBJC_IMPLEMENTATIONS = YES;
				CLANG_WARN_DIRECT_OBJC_ISA_USAGE = YES_ERROR;
				CLANG_WARN_DOCUMENTATION_COMMENTS = YES;
				CLANG_WARN_EMPTY_BODY = YES;
				CLANG_WARN_ENUM_CONVERSION = YES;
				CLANG_WARN_INFINITE_RECURSION = YES;
				CLANG_WARN_INT_CONVERSION = YES;
				CLANG_WARN_NON_LITERAL_NULL_CONVERSION = YES;
				CLANG_WARN_OBJC_IMPLICIT_RETAIN_SELF = YES;
				CLANG_WARN_OBJC_LITERAL_CONVERSION = YES;
				CLANG_WARN_OBJC_ROOT_CLASS = YES_ERROR;
				CLANG_WARN_QUOTED_INCLUDE_IN_FRAMEWORK_HEADER = YES;
				CLANG_WARN_RANGE_LOOP_ANALYSIS = YES;
				CLANG_WARN_STRICT_PROTOTYPES = YES;
				CLANG_WARN_SUSPICIOUS_MOVE = YES;
				CLANG_WARN_UNGUARDED_AVAILABILITY = YES_AGGRESSIVE;
				CLANG_WARN_UNREACHABLE_CODE = YES;
				CLANG_WARN__DUPLICATE_METHOD_MATCH = YES;
				COPY_PHASE_STRIP = NO;
				DEBUG_INFORMATION_FORMAT = dwarf;
				ENABLE_STRICT_OBJC_MSGSEND = YES;
				ENABLE_TESTABILITY = YES;
				GCC_C_LANGUAGE_STANDARD = gnu17;
				GCC_DYNAMIC_NO_PIC = NO;
				GCC_NO_COMMON_BLOCKS = YES;
				GCC_OPTIMIZATION_LEVEL = 0;
				GCC_PREPROCESSOR_DEFINITIONS = (
					"DEBUG=1",
					"$(inherited)",
				);
				GCC_WARN_64_TO_32_BIT_CONVERSION = YES;
				GCC_WARN_ABOUT_RETURN_TYPE = YES_ERROR;
				GCC_WARN_UNDECLARED_SELECTOR = YES;
				GCC_WARN_UNINITIALIZED_AUTOS = YES_AGGRESSIVE;
				GCC_WARN_UNUSED_FUNCTION = YES;
				GCC_WARN_UNUSED_VARIABLE = YES;
				MTL_ENABLE_DEBUG_INFO = INCLUDE_SOURCE;
				MTL_FAST_MATH = YES;
				ONLY_ACTIVE_ARCH = YES;
				SDKROOT = iphoneos;
				SWIFT_ACTIVE_COMPILATION_CONDITIONS = DEBUG;
				SWIFT_OPTIMIZATION_LEVEL = "-Onone";
			};
			name = Debug;
		};
		F00000000000000000000007 /* Release */ = {
			isa = XCBuildConfiguration;
			buildSettings = {
				ALWAYS_SEARCH_USER_PATHS = NO;
				CLANG_ANALYZER_NONNULL = YES;
				CLANG_ANALYZER_NUMBER_OBJECT_CONVERSION = YES_AGGRESSIVE;
				CLANG_CXX_LANGUAGE_STANDARD = "gnu++20";
				CLANG_ENABLE_MODULES = YES;
				CLANG_ENABLE_OBJC_ARC = YES;
				CLANG_ENABLE_OBJC_WEAK = YES;
				CLANG_WARN_BLOCK_CAPTURE_AUTORELEASING = YES;
				CLANG_WARN_BOOL_CONVERSION = YES;
				CLANG_WARN_COMMA = YES;
				CLANG_WARN_CONSTANT_CONVERSION = YES;
				CLANG_WARN_DEPRECATED_OBJC_IMPLEMENTATIONS = YES;
				CLANG_WARN_DIRECT_OBJC_ISA_USAGE = YES_ERROR;
				CLANG_WARN_DOCUMENTATION_COMMENTS = YES;
				CLANG_WARN_EMPTY_BODY = YES;
				CLANG_WARN_ENUM_CONVERSION = YES;
				CLANG_WARN_INFINITE_RECURSION = YES;
				CLANG_WARN_INT_CONVERSION = YES;
				CLANG_WARN_NON_LITERAL_NULL_CONVERSION = YES;
				CLANG_WARN_OBJC_IMPLICIT_RETAIN_SELF = YES;
				CLANG_WARN_OBJC_LITERAL_CONVERSION = YES;
				CLANG_WARN_OBJC_ROOT_CLASS = YES_ERROR;
				CLANG_WARN_QUOTED_INCLUDE_IN_FRAMEWORK_HEADER = YES;
				CLANG_WARN_RANGE_LOOP_ANALYSIS = YES;
				CLANG_WARN_STRICT_PROTOTYPES = YES;
				CLANG_WARN_SUSPICIOUS_MOVE = YES;
				CLANG_WARN_UNGUARDED_AVAILABILITY = YES_AGGRESSIVE;
				CLANG_WARN_UNREACHABLE_CODE = YES;
				CLANG_WARN__DUPLICATE_METHOD_MATCH = YES;
				COPY_PHASE_STRIP = NO;
				DEBUG_INFORMATION_FORMAT = "dwarf-with-dsym";
				ENABLE_NS_ASSERTIONS = NO;
				ENABLE_STRICT_OBJC_MSGSEND = YES;
				GCC_C_LANGUAGE_STANDARD = gnu17;
				GCC_NO_COMMON_BLOCKS = YES;
				GCC_WARN_64_TO_32_BIT_CONVERSION = YES;
				GCC_WARN_ABOUT_RETURN_TYPE = YES_ERROR;
				GCC_WARN_UNDECLARED_SELECTOR = YES;
				GCC_WARN_UNINITIALIZED_AUTOS = YES_AGGRESSIVE;
				GCC_WARN_UNUSED_FUNCTION = YES;
				GCC_WARN_UNUSED_VARIABLE = YES;
				MTL_ENABLE_DEBUG_INFO = NO;
				MTL_FAST_MATH = YES;
				SDKROOT = iphoneos;
				SWIFT_COMPILATION_MODE = wholemodule;
				VALIDATE_PRODUCT = YES;
			};
			name = Release;
		};
/* End XCBuildConfiguration section */

/* Begin XCConfigurationList section */
		F00000000000000000000001 /* Build configuration list for PBXProject "LogicProCheatSheets" */ = {
			isa = XCConfigurationList;
			buildConfigurations = (
				F00000000000000000000006 /* Debug */,
				F00000000000000000000007 /* Release */,
			);
			defaultConfigurationIsVisible = 0;
			defaultConfigurationName = Release;
		};
		F00000000000000000000003 /* Build configuration list for PBXNativeTarget "LogicProCheatSheets" */ = {
			isa = XCConfigurationList;
			buildConfigurations = (
				F00000000000000000000004 /* Debug */,
				F00000000000000000000005 /* Release */,
			);
			defaultConfigurationIsVisible = 0;
			defaultConfigurationName = Release;
		};
/* End XCConfigurationList section */
	};
	rootObject = E00000000000000000000002 /* Project object */;
}
